
Microsoft Visual Studio Solution File, Format Version 12.00
# Visual Studio Version 17
VisualStudioVersion = 17.12.35521.163 d17.12
MinimumVisualStudioVersion = 10.0.40219.1
Project("{2150E333-8FDC-42A3-9474-1A3956D46DE8}") = "src", "src", "{F699595A-1D9F-4946-B056-BEF604DE887F}"
EndProject
Project("{FAE04EC0-301F-11D3-BF4B-00C04F79EFBC}") = "BookGRPC.Server", "src\BookGRPC.Server\BookGRPC.Server.csproj", "{2DE5F78A-8B50-4067-ADF0-8B046C72B3CC}"
EndProject
Global
	GlobalSection(SolutionConfigurationPlatforms) = preSolution
		Debug|Any CPU = Debug|Any CPU
		Release|Any CPU = Release|Any CPU
	EndGlobalSection
	GlobalSection(ProjectConfigurationPlatforms) = postSolution
		{2DE5F78A-8B50-4067-ADF0-8B046C72B3CC}.Debug|Any CPU.ActiveCfg = Debug|Any CPU
		{2DE5F78A-8B50-4067-ADF0-8B046C72B3CC}.Debug|Any CPU.Build.0 = Debug|Any CPU
		{2DE5F78A-8B50-4067-ADF0-8B046C72B3CC}.Release|Any CPU.ActiveCfg = Release|Any CPU
		{2DE5F78A-8B50-4067-ADF0-8B046C72B3CC}.Release|Any CPU.Build.0 = Release|Any CPU
	EndGlobalSection
	GlobalSection(SolutionProperties) = preSolution
		HideSolutionNode = FALSE
	EndGlobalSection
	GlobalSection(NestedProjects) = preSolution
		{2DE5F78A-8B50-4067-ADF0-8B046C72B3CC} = {F699595A-1D9F-4946-B056-BEF604DE887F}
	EndGlobalSection
EndGlobal
